{
  "name": "@telegraf/client",
  "version": "0.0.0",
  "lockfileVersion": 2,
  "requires": true,
  "packages": {
    "": {
      "name": "@telegraf/client",
      "version": "0.0.0",
      "license": "MIT",
      "dependencies": {
        "fetch-blob": "^3.1.2",
        "formdata-polyfill": "^4.0.6",
        "node-fetch": "^3.0.0-beta.10"
      },
      "devDependencies": {
        "typescript": "^4.3.5"
      },
      "engines": {
        "node": ">=14.13.1"
      },
      "peerDependencies": {
        "@grammyjs/types": "^2.2.6"
      }
    },
    "node_modules/@grammyjs/types": {
      "version": "2.2.6",
      "resolved": "https://registry.npmjs.org/@grammyjs/types/-/types-2.2.6.tgz",
      "integrity": "sha512-O16e0WxwOLWUGvvtH+FgwSxKvg414dcMAjQAYrotVAVF2P5qOU+NHqbbY/sgVdDKs/uqimhjt/z8IGVeGZYocw==",
      "peer": true
    },
    "node_modules/data-uri-to-buffer": {
      "version": "3.0.1",
      "resolved": "https://registry.npmjs.org/data-uri-to-buffer/-/data-uri-to-buffer-3.0.1.tgz",
      "integrity": "sha512-WboRycPNsVw3B3TL559F7kuBUM4d8CgMEvk6xEJlOp7OBPjt6G7z8WMWlD2rOFZLk6OYfFIUGsCOWzcQH9K2og==",
      "engines": {
        "node": ">= 6"
      }
    },
    "node_modules/fetch-blob": {
      "version": "3.1.2",
      "resolved": "https://registry.npmjs.org/fetch-blob/-/fetch-blob-3.1.2.tgz",
      "integrity": "sha512-hunJbvy/6OLjCD0uuhLdp0mMPzP/yd2ssd1t2FCJsaA7wkWhpbp9xfuNVpv7Ll4jFhzp6T4LAupSiV9uOeg0VQ==",
      "funding": [
        {
          "type": "github",
          "url": "https://github.com/sponsors/jimmywarting"
        },
        {
          "type": "paypal",
          "url": "https://paypal.me/jimmywarting"
        }
      ],
      "dependencies": {
        "web-streams-polyfill": "^3.0.3"
      },
      "engines": {
        "node": "^12.20 || >= 14.13"
      }
    },
    "node_modules/formdata-polyfill": {
      "version": "4.0.6",
      "resolved": "https://registry.npmjs.org/formdata-polyfill/-/formdata-polyfill-4.0.6.tgz",
      "integrity": "sha512-oJeqWjhE6r9I4TiolW6sBYkLzupq3QZLNAYcR+b1tzh/9Uktuf4qRgJY8qqLo6an0uKckdHPpfsUYHqVf/tprA==",
      "dependencies": {
        "fetch-blob": "^3.0.0"
      }
    },
    "node_modules/node-fetch": {
      "version": "3.0.0-beta.10",
      "resolved": "https://registry.npmjs.org/node-fetch/-/node-fetch-3.0.0-beta.10.tgz",
      "integrity": "sha512-gEHHLuUNaCHDv5TdC5+7lWlGPBgmSOWXsHvX6l64mnHH8C3V7ObLK5p5udbgc78Y19pPnCuKwwGE7o2yktGE1w==",
      "dependencies": {
        "data-uri-to-buffer": "^3.0.1",
        "fetch-blob": "^3.1.2"
      },
      "engines": {
        "node": "^12.20.0 || ^14.13.1 || >=16.0.0"
      },
      "funding": {
        "type": "opencollective",
        "url": "https://opencollective.com/node-fetch"
      }
    },
    "node_modules/typescript": {
      "version": "4.3.5",
      "resolved": "https://registry.npmjs.org/typescript/-/typescript-4.3.5.tgz",
      "integrity": "sha512-DqQgihaQ9cUrskJo9kIyW/+g0Vxsk8cDtZ52a3NGh0YNTfpUSArXSohyUGnvbPazEPLu398C0UxmKSOrPumUzA==",
      "dev": true,
      "bin": {
        "tsc": "bin/tsc",
        "tsserver": "bin/tsserver"
      },
      "engines": {
        "node": ">=4.2.0"
      }
    },
    "node_modules/web-streams-polyfill": {
      "version": "3.1.0",
      "resolved": "https://registry.npmjs.org/web-streams-polyfill/-/web-streams-polyfill-3.1.0.tgz",
      "integrity": "sha512-wO9r1YnYe7kFBLHyyVEhV1H8VRWoNiNnuP+v/HUUmSTaRF8F93Kmd3JMrETx0f11GXxRek6OcL2QtjFIdc5WYw==",
      "engines": {
        "node": ">= 8"
      }
    }
  },
  "dependencies": {
    "@grammyjs/types": {
      "version": "2.2.6",
      "resolved": "https://registry.npmjs.org/@grammyjs/types/-/types-2.2.6.tgz",
      "integrity": "sha512-O16e0WxwOLWUGvvtH+FgwSxKvg414dcMAjQAYrotVAVF2P5qOU+NHqbbY/sgVdDKs/uqimhjt/z8IGVeGZYocw==",
      "peer": true
    },
    "data-uri-to-buffer": {
      "version": "3.0.1",
      "resolved": "https://registry.npmjs.org/data-uri-to-buffer/-/data-uri-to-buffer-3.0.1.tgz",
      "integrity": "sha512-WboRycPNsVw3B3TL559F7kuBUM4d8CgMEvk6xEJlOp7OBPjt6G7z8WMWlD2rOFZLk6OYfFIUGsCOWzcQH9K2og=="
    },
    "fetch-blob": {
      "version": "3.1.2",
      "resolved": "https://registry.npmjs.org/fetch-blob/-/fetch-blob-3.1.2.tgz",
      "integrity": "sha512-hunJbvy/6OLjCD0uuhLdp0mMPzP/yd2ssd1t2FCJsaA7wkWhpbp9xfuNVpv7Ll4jFhzp6T4LAupSiV9uOeg0VQ==",
      "requires": {
        "web-streams-polyfill": "^3.0.3"
      }
    },
    "formdata-polyfill": {
      "version": "4.0.6",
      "resolved": "https://registry.npmjs.org/formdata-polyfill/-/formdata-polyfill-4.0.6.tgz",
      "integrity": "sha512-oJeqWjhE6r9I4TiolW6sBYkLzupq3QZLNAYcR+b1tzh/9Uktuf4qRgJY8qqLo6an0uKckdHPpfsUYHqVf/tprA==",
      "requires": {
        "fetch-blob": "^3.0.0"
      }
    },
    "node-fetch": {
      "version": "3.0.0-beta.10",
      "resolved": "https://registry.npmjs.org/node-fetch/-/node-fetch-3.0.0-beta.10.tgz",
      "integrity": "sha512-gEHHLuUNaCHDv5TdC5+7lWlGPBgmSOWXsHvX6l64mnHH8C3V7ObLK5p5udbgc78Y19pPnCuKwwGE7o2yktGE1w==",
      "requires": {
        "data-uri-to-buffer": "^3.0.1",
        "fetch-blob": "^3.1.2"
      }
    },
    "typescript": {
      "version": "4.3.5",
      "resolved": "https://registry.npmjs.org/typescript/-/typescript-4.3.5.tgz",
      "integrity": "sha512-DqQgihaQ9cUrskJo9kIyW/+g0Vxsk8cDtZ52a3NGh0YNTfpUSArXSohyUGnvbPazEPLu398C0UxmKSOrPumUzA==",
      "dev": true
    },
    "web-streams-polyfill": {
      "version": "3.1.0",
      "resolved": "https://registry.npmjs.org/web-streams-polyfill/-/web-streams-polyfill-3.1.0.tgz",
      "integrity": "sha512-wO9r1YnYe7kFBLHyyVEhV1H8VRWoNiNnuP+v/HUUmSTaRF8F93Kmd3JMrETx0f11GXxRek6OcL2QtjFIdc5WYw=="
    }
  }
}
